
Microsoft Visual Studio Solution File, Format Version 12.00
# Visual Studio Version 17
VisualStudioVersion = 17.2.32602.215
MinimumVisualStudioVersion = 10.0.40219.1
Project("{FAE04EC0-301F-11D3-BF4B-00C04F79EFBC}") = "proj", "proj\proj.csproj", "{B46A82EB-E668-4E14-9DA6-2C8B1F3E56AB}"
EndProject
Global
	GlobalSection(SolutionConfigurationPlatforms) = preSolution
		Debug|Any CPU = Debug|Any CPU
		Release|Any CPU = Release|Any CPU
	EndGlobalSection
	GlobalSection(ProjectConfigurationPlatforms) = postSolution
		{B46A82EB-E668-4E14-9DA6-2C8B1F3E56AB}.Debug|Any CPU.ActiveCfg = Debug|Any CPU
		{B46A82EB-E668-4E14-9DA6-2C8B1F3E56AB}.Debug|Any CPU.Build.0 = Debug|Any CPU
		{B46A82EB-E668-4E14-9DA6-2C8B1F3E56AB}.Release|Any CPU.ActiveCfg = Release|Any CPU
		{B46A82EB-E668-4E14-9DA6-2C8B1F3E56AB}.Release|Any CPU.Build.0 = Release|Any CPU
	EndGlobalSection
	GlobalSection(SolutionProperties) = preSolution
		HideSolutionNode = FALSE
	EndGlobalSection
	GlobalSection(ExtensibilityGlobals) = postSolution
		SolutionGuid = {B0EC5044-FF63-4353-B638-F50431740957}
	EndGlobalSection
EndGlobal
